// !$*UTF8*$!
{
	archiveVersion = 1;
	classes = {
	};
	objectVersion = 46;
	objects = {

/* Begin PBXBuildFile section */
		9F3B58A71A5A049C003C0C88 /* AppDelegate.swift in Sources */ = {isa = PBXBuildFile; fileRef = 9F3B58A61A5A049C003C0C88 /* AppDelegate.swift */; };
		9F3B58A91A5A049C003C0C88 /* MasterViewController.swift in Sources */ = {isa = PBXBuildFile; fileRef = 9F3B58A81A5A049C003C0C88 /* MasterViewController.swift */; };
		9F3B58AB1A5A049C003C0C88 /* DetailViewController.swift in Sources */ = {isa = PBXBuildFile; fileRef = 9F3B58AA1A5A049C003C0C88 /* DetailViewController.swift */; };
		9F3B58AE1A5A049C003C0C88 /* Main.storyboard in Resources */ = {isa = PBXBuildFile; fileRef = 9F3B58AC1A5A049C003C0C88 /* Main.storyboard */; };
		9F3B58B01A5A049C003C0C88 /* Images.xcassets in Resources */ = {isa = PBXBuildFile; fileRef = 9F3B58AF1A5A049C003C0C88 /* Images.xcassets */; };
		9F3B58B31A5A049C003C0C88 /* LaunchScreen.xib in Resources */ = {isa = PBXBuildFile; fileRef = 9F3B58B11A5A049C003C0C88 /* LaunchScreen.xib */; };
		9F3B58BF1A5A049C003C0C88 /* TaskMeTests.swift in Sources */ = {isa = PBXBuildFile; fileRef = 9F3B58BE1A5A049C003C0C88 /* TaskMeTests.swift */; };
/* End PBXBuildFile section */

/* Begin PBXContainerItemProxy section */
		9F3B58B91A5A049C003C0C88 /* PBXContainerItemProxy */ = {
			isa = PBXContainerItemProxy;
			containerPortal = 9F3B58991A5A049C003C0C88 /* Project object */;
			proxyType = 1;
			remoteGlobalIDString = 9F3B58A01A5A049C003C0C88;
			remoteInfo = TaskMe;
		};
/* End PBXContainerItemProxy section */

/* Begin PBXFileReference section */
		9F3B58A11A5A049C003C0C88 /* TaskMe.app */ = {isa = PBXFileReference; explicitFileType = wrapper.application; includeInIndex = 0; path = TaskMe.app; sourceTree = BUILT_PRODUCTS_DIR; };
		9F3B58A51A5A049C003C0C88 /* Info.plist */ = {isa = PBXFileReference; lastKnownFileType = text.plist.xml; path = Info.plist; sourceTree = "<group>"; };
		9F3B58A61A5A049C003C0C88 /* AppDelegate.swift */ = {isa = PBXFileReference; lastKnownFileType = sourcecode.swift; path = AppDelegate.swift; sourceTree = "<group>"; };
		9F3B58A81A5A049C003C0C88 /* MasterViewController.swift */ = {isa = PBXFileReference; lastKnownFileType = sourcecode.swift; path = MasterViewController.swift; sourceTree = "<group>"; };
		9F3B58AA1A5A049C003C0C88 /* DetailViewController.swift */ = {isa = PBXFileReference; lastKnownFileType = sourcecode.swift; path = DetailViewController.swift; sourceTree = "<group>"; };
		9F3B58AD1A5A049C003C0C88 /* Base */ = {isa = PBXFileReference; lastKnownFileType = file.storyboard; name = Base; path = Base.lproj/Main.storyboard; sourceTree = "<group>"; };
		9F3B58AF1A5A049C003C0C88 /* Images.xcassets */ = {isa = PBXFileReference; lastKnownFileType = folder.assetcatalog; path = Images.xcassets; sourceTree = "<group>"; };
		9F3B58B21A5A049C003C0C88 /* Base */ = {isa = PBXFileReference; lastKnownFileType = file.xib; name = Base; path = Base.lproj/LaunchScreen.xib; sourceTree = "<group>"; };
		9F3B58B81A5A049C003C0C88 /* TaskMeTests.xctest */ = {isa = PBXFileReference; explicitFileType = wrapper.cfbundle; includeInIndex = 0; path = TaskMeTests.xctest; sourceTree = BUILT_PRODUCTS_DIR; };
		9F3B58BD1A5A049C003C0C88 /* Info.plist */ = {isa = PBXFileReference; lastKnownFileType = text.plist.xml; path = Info.plist; sourceTree = "<group>"; };
		9F3B58BE1A5A049C003C0C88 /* TaskMeTests.swift */ = {isa = PBXFileReference; lastKnownFileType = sourcecode.swift; path = TaskMeTests.swift; sourceTree = "<group>"; };
/* End PBXFileReference section */

/* Begin PBXFrameworksBuildPhase section */
		9F3B589E1A5A049C003C0C88 /* Frameworks */ = {
			isa = PBXFrameworksBuildPhase;
			buildActionMask = 2147483647;
			files = (
			);
			runOnlyForDeploymentPostprocessing = 0;
		};
		9F3B58B51A5A049C003C0C88 /* Frameworks */ = {
			isa = PBXFrameworksBuildPhase;
			buildActionMask = 2147483647;
			files = (
			);
			runOnlyForDeploymentPostprocessing = 0;
		};
/* End PBXFrameworksBuildPhase section */

/* Begin PBXGroup section */
		9F3B58981A5A049C003C0C88 = {
			isa = PBXGroup;
			children = (
				9F3B58A31A5A049C003C0C88 /* TaskMe */,
				9F3B58BB1A5A049C003C0C88 /* TaskMeTests */,
				9F3B58A21A5A049C003C0C88 /* Products */,
			);
			sourceTree = "<group>";
		};
		9F3B58A21A5A049C003C0C88 /* Products */ = {
			isa = PBXGroup;
			children = (
				9F3B58A11A5A049C003C0C88 /* TaskMe.app */,
				9F3B58B81A5A049C003C0C88 /* TaskMeTests.xctest */,
			);
			name = Products;
			sourceTree = "<group>";
		};
		9F3B58A31A5A049C003C0C88 /* TaskMe */ = {
			isa = PBXGroup;
			children = (
				9F3B58A61A5A049C003C0C88 /* AppDelegate.swift */,
				9F3B58A81A5A049C003C0C88 /* MasterViewController.swift */,
				9F3B58AA1A5A049C003C0C88 /* DetailViewController.swift */,
				9F3B58AC1A5A049C003C0C88 /* Main.storyboard */,
				9F3B58AF1A5A049C003C0C88 /* Images.xcassets */,
				9F3B58B11A5A049C003C0C88 /* LaunchScreen.xib */,
				9F3B58A41A5A049C003C0C88 /* Supporting Files */,
			);
			path = TaskMe;
			sourceTree = "<group>";
		};
		9F3B58A41A5A049C003C0C88 /* Supporting Files */ = {
			isa = PBXGroup;
			children = (
				9F3B58A51A5A049C003C0C88 /* Info.plist */,
			);
			name = "Supporting Files";
			sourceTree = "<group>";
		};
		9F3B58BB1A5A049C003C0C88 /* TaskMeTests */ = {
			isa = PBXGroup;
			children = (
				9F3B58BE1A5A049C003C0C88 /* TaskMeTests.swift */,
				9F3B58BC1A5A049C003C0C88 /* Supporting Files */,
			);
			path = TaskMeTests;
			sourceTree = "<group>";
		};
		9F3B58BC1A5A049C003C0C88 /* Supporting Files */ = {
			isa = PBXGroup;
			children = (
				9F3B58BD1A5A049C003C0C88 /* Info.plist */,
			);
			name = "Supporting Files";
			sourceTree = "<group>";
		};
/* End PBXGroup section */

/* Begin PBXNativeTarget section */
		9F3B58A01A5A049C003C0C88 /* TaskMe */ = {
			isa = PBXNativeTarget;
			buildConfigurationList = 9F3B58C21A5A049C003C0C88 /* Build configuration list for PBXNativeTarget "TaskMe" */;
			buildPhases = (
				9F3B589D1A5A049C003C0C88 /* Sources */,
				9F3B589E1A5A049C003C0C88 /* Frameworks */,
				9F3B589F1A5A049C003C0C88 /* Resources */,
			);
			buildRules = (
			);
			dependencies = (
			);
			name = TaskMe;
			productName = TaskMe;
			productReference = 9F3B58A11A5A049C003C0C88 /* TaskMe.app */;
			productType = "com.apple.product-type.application";
		};
		9F3B58B71A5A049C003C0C88 /* TaskMeTests */ = {
			isa = PBXNativeTarget;
			buildConfigurationList = 9F3B58C51A5A049C003C0C88 /* Build configuration list for PBXNativeTarget "TaskMeTests" */;
			buildPhases = (
				9F3B58B41A5A049C003C0C88 /* Sources */,
				9F3B58B51A5A049C003C0C88 /* Frameworks */,
				9F3B58B61A5A049C003C0C88 /* Resources */,
			);
			buildRules = (
			);
			dependencies = (
				9F3B58BA1A5A049C003C0C88 /* PBXTargetDependency */,
			);
			name = TaskMeTests;
			productName = TaskMeTests;
			productReference = 9F3B58B81A5A049C003C0C88 /* TaskMeTests.xctest */;
			productType = "com.apple.product-type.bundle.unit-test";
		};
/* End PBXNativeTarget section */

/* Begin PBXProject section */
		9F3B58991A5A049C003C0C88 /* Project object */ = {
			isa = PBXProject;
			attributes = {
				LastUpgradeCheck = 0610;
				ORGANIZATIONNAME = "Ray Chen";
				TargetAttributes = {
					9F3B58A01A5A049C003C0C88 = {
						CreatedOnToolsVersion = 6.1.1;
					};
					9F3B58B71A5A049C003C0C88 = {
						CreatedOnToolsVersion = 6.1.1;
						TestTargetID = 9F3B58A01A5A049C003C0C88;
					};
				};
			};
			buildConfigurationList = 9F3B589C1A5A049C003C0C88 /* Build configuration list for PBXProject "TaskMe" */;
			compatibilityVersion = "Xcode 3.2";
			developmentRegion = English;
			hasScannedForEncodings = 0;
			knownRegions = (
				en,
				Base,
			);
			mainGroup = 9F3B58981A5A049C003C0C88;
			productRefGroup = 9F3B58A21A5A049C003C0C88 /* Products */;
			projectDirPath = "";
			projectRoot = "";
			targets = (
				9F3B58A01A5A049C003C0C88 /* TaskMe */,
				9F3B58B71A5A049C003C0C88 /* TaskMeTests */,
			);
		};
/* End PBXProject section */

/* Begin PBXResourcesBuildPhase section */
		9F3B589F1A5A049C003C0C88 /* Resources */ = {
			isa = PBXResourcesBuildPhase;
			buildActionMask = 2147483647;
			files = (
				9F3B58AE1A5A049C003C0C88 /* Main.storyboard in Resources */,
				9F3B58B31A5A049C003C0C88 /* LaunchScreen.xib in Resources */,
				9F3B58B01A5A049C003C0C88 /* Images.xcassets in Resources */,
			);
			runOnlyForDeploymentPostprocessing = 0;
		};
		9F3B58B61A5A049C003C0C88 /* Resources */ = {
			isa = PBXResourcesBuildPhase;
			buildActionMask = 2147483647;
			files = (
			);
			runOnlyForDeploymentPostprocessing = 0;
		};
/* End PBXResourcesBuildPhase section */

/* Begin PBXSourcesBuildPhase section */
		9F3B589D1A5A049C003C0C88 /* Sources */ = {
			isa = PBXSourcesBuildPhase;
			buildActionMask = 2147483647;
			files = (
				9F3B58AB1A5A049C003C0C88 /* DetailViewController.swift in Sources */,
				9F3B58A91A5A049C003C0C88 /* MasterViewController.swift in Sources */,
				9F3B58A71A5A049C003C0C88 /* AppDelegate.swift in Sources */,
			);
			runOnlyForDeploymentPostprocessing = 0;
		};
		9F3B58B41A5A049C003C0C88 /* Sources */ = {
			isa = PBXSourcesBuildPhase;
			buildActionMask = 2147483647;
			files = (
				9F3B58BF1A5A049C003C0C88 /* TaskMeTests.swift in Sources */,
			);
			runOnlyForDeploymentPostprocessing = 0;
		};
/* End PBXSourcesBuildPhase section */

/* Begin PBXTargetDependency section */
		9F3B58BA1A5A049C003C0C88 /* PBXTargetDependency */ = {
			isa = PBXTargetDependency;
			target = 9F3B58A01A5A049C003C0C88 /* TaskMe */;
			targetProxy = 9F3B58B91A5A049C003C0C88 /* PBXContainerItemProxy */;
		};
/* End PBXTargetDependency section */

/* Begin PBXVariantGroup section */
		9F3B58AC1A5A049C003C0C88 /* Main.storyboard */ = {
			isa = PBXVariantGroup;
			children = (
				9F3B58AD1A5A049C003C0C88 /* Base */,
			);
			name = Main.storyboard;
			sourceTree = "<group>";
		};
		9F3B58B11A5A049C003C0C88 /* LaunchScreen.xib */ = {
			isa = PBXVariantGroup;
			children = (
				9F3B58B21A5A049C003C0C88 /* Base */,
			);
			name = LaunchScreen.xib;
			sourceTree = "<group>";
		};
/* End PBXVariantGroup section */

/* Begin XCBuildConfiguration section */
		9F3B58C01A5A049C003C0C88 /* Debug */ = {
			isa = XCBuildConfiguration;
			buildSettings = {
				ALWAYS_SEARCH_USER_PATHS = NO;
				CLANG_CXX_LANGUAGE_STANDARD = "gnu++0x";
				CLANG_CXX_LIBRARY = "libc++";
				CLANG_ENABLE_MODULES = YES;
				CLANG_ENABLE_OBJC_ARC = YES;
				CLANG_WARN_BOOL_CONVERSION = YES;
				CLANG_WARN_CONSTANT_CONVERSION = YES;
				CLANG_WARN_DIRECT_OBJC_ISA_USAGE = YES_ERROR;
				CLANG_WARN_EMPTY_BODY = YES;
				CLANG_WARN_ENUM_CONVERSION = YES;
				CLANG_WARN_INT_CONVERSION = YES;
				CLANG_WARN_OBJC_ROOT_CLASS = YES_ERROR;
				CLANG_WARN_UNREACHABLE_CODE = YES;
				CLANG_WARN__DUPLICATE_METHOD_MATCH = YES;
				"CODE_SIGN_IDENTITY[sdk=iphoneos*]" = "iPhone Developer";
				COPY_PHASE_STRIP = NO;
				ENABLE_STRICT_OBJC_MSGSEND = YES;
				GCC_C_LANGUAGE_STANDARD = gnu99;
				GCC_DYNAMIC_NO_PIC = NO;
				GCC_OPTIMIZATION_LEVEL = 0;
				GCC_PREPROCESSOR_DEFINITIONS = (
					"DEBUG=1",
					"$(inherited)",
				);
				GCC_SYMBOLS_PRIVATE_EXTERN = NO;
				GCC_WARN_64_TO_32_BIT_CONVERSION = YES;
				GCC_WARN_ABOUT_RETURN_TYPE = YES_ERROR;
				GCC_WARN_UNDECLARED_SELECTOR = YES;
				GCC_WARN_UNINITIALIZED_AUTOS = YES_AGGRESSIVE;
				GCC_WARN_UNUSED_FUNCTION = YES;
				GCC_WARN_UNUSED_VARIABLE = YES;
				IPHONEOS_DEPLOYMENT_TARGET = 8.1;
				MTL_ENABLE_DEBUG_INFO = YES;
				ONLY_ACTIVE_ARCH = YES;
				SDKROOT = iphoneos;
				SWIFT_OPTIMIZATION_LEVEL = "-Onone";
				TARGETED_DEVICE_FAMILY = "1,2";
			};
			name = Debug;
		};
		9F3B58C11A5A049C003C0C88 /* Release */ = {
			isa = XCBuildConfiguration;
			buildSettings = {
				ALWAYS_SEARCH_USER_PATHS = NO;
				CLANG_CXX_LANGUAGE_STANDARD = "gnu++0x";
				CLANG_CXX_LIBRARY = "libc++";
				CLANG_ENABLE_MODULES = YES;
				CLANG_ENABLE_OBJC_ARC = YES;
				CLANG_WARN_BOOL_CONVERSION = YES;
				CLANG_WARN_CONSTANT_CONVERSION = YES;
				CLANG_WARN_DIRECT_OBJC_ISA_USAGE = YES_ERROR;
				CLANG_WARN_EMPTY_BODY = YES;
				CLANG_WARN_ENUM_CONVERSION = YES;
				CLANG_WARN_INT_CONVERSION = YES;
				CLANG_WARN_OBJC_ROOT_CLASS = YES_ERROR;
				CLANG_WARN_UNREACHABLE_CODE = YES;
				CLANG_WARN__DUPLICATE_METHOD_MATCH = YES;
				"CODE_SIGN_IDENTITY[sdk=iphoneos*]" = "iPhone Developer";
				COPY_PHASE_STRIP = YES;
				ENABLE_NS_ASSERTIONS = NO;
				ENABLE_STRICT_OBJC_MSGSEND = YES;
				GCC_C_LANGUAGE_STANDARD = gnu99;
				GCC_WARN_64_TO_32_BIT_CONVERSION = YES;
				GCC_WARN_ABOUT_RETURN_TYPE = YES_ERROR;
				GCC_WARN_UNDECLARED_SELECTOR = YES;
				GCC_WARN_UNINITIALIZED_AUTOS = YES_AGGRESSIVE;
				GCC_WARN_UNUSED_FUNCTION = YES;
				GCC_WARN_UNUSED_VARIABLE = YES;
				IPHONEOS_DEPLOYMENT_TARGET = 8.1;
				MTL_ENABLE_DEBUG_INFO = NO;
				SDKROOT = iphoneos;
				TARGETED_DEVICE_FAMILY = "1,2";
				VALIDATE_PRODUCT = YES;
			};
			name = Release;
		};
		9F3B58C31A5A049C003C0C88 /* Debug */ = {
			isa = XCBuildConfiguration;
			buildSettings = {
				ASSETCATALOG_COMPILER_APPICON_NAME = AppIcon;
				INFOPLIST_FILE = TaskMe/Info.plist;
				LD_RUNPATH_SEARCH_PATHS = "$(inherited) @executable_path/Frameworks";
				PRODUCT_NAME = "$(TARGET_NAME)";
			};
			name = Debug;
		};
		9F3B58C41A5A049C003C0C88 /* Release */ = {
			isa = XCBuildConfiguration;
			buildSettings = {
				ASSETCATALOG_COMPILER_APPICON_NAME = AppIcon;
				INFOPLIST_FILE = TaskMe/Info.plist;
				LD_RUNPATH_SEARCH_PATHS = "$(inherited) @executable_path/Frameworks";
				PRODUCT_NAME = "$(TARGET_NAME)";
			};
			name = Release;
		};
		9F3B58C61A5A049C003C0C88 /* Debug */ = {
			isa = XCBuildConfiguration;
			buildSettings = {
				BUNDLE_LOADER = "$(TEST_HOST)";
				FRAMEWORK_SEARCH_PATHS = (
					"$(SDKROOT)/Developer/Library/Frameworks",
					"$(inherited)",
				);
				GCC_PREPROCESSOR_DEFINITIONS = (
					"DEBUG=1",
					"$(inherited)",
				);
				INFOPLIST_FILE = TaskMeTests/Info.plist;
				LD_RUNPATH_SEARCH_PATHS = "$(inherited) @executable_path/Frameworks @loader_path/Frameworks";
				PRODUCT_NAME = "$(TARGET_NAME)";
				TEST_HOST = "$(BUILT_PRODUCTS_DIR)/TaskMe.app/TaskMe";
			};
			name = Debug;
		};
		9F3B58C71A5A049C003C0C88 /* Release */ = {
			isa = XCBuildConfiguration;
			buildSettings = {
				BUNDLE_LOADER = "$(TEST_HOST)";
				FRAMEWORK_SEARCH_PATHS = (
					"$(SDKROOT)/Developer/Library/Frameworks",
					"$(inherited)",
				);
				INFOPLIST_FILE = TaskMeTests/Info.plist;
				LD_RUNPATH_SEARCH_PATHS = "$(inherited) @executable_path/Frameworks @loader_path/Frameworks";
				PRODUCT_NAME = "$(TARGET_NAME)";
				TEST_HOST = "$(BUILT_PRODUCTS_DIR)/TaskMe.app/TaskMe";
			};
			name = Release;
		};
/* End XCBuildConfiguration section */

/* Begin XCConfigurationList section */
		9F3B589C1A5A049C003C0C88 /* Build configuration list for PBXProject "TaskMe" */ = {
			isa = XCConfigurationList;
			buildConfigurations = (
				9F3B58C01A5A049C003C0C88 /* Debug */,
				9F3B58C11A5A049C003C0C88 /* Release */,
			);
			defaultConfigurationIsVisible = 0;
			defaultConfigurationName = Release;
		};
		9F3B58C21A5A049C003C0C88 /* Build configuration list for PBXNativeTarget "TaskMe" */ = {
			isa = XCConfigurationList;
			buildConfigurations = (
				9F3B58C31A5A049C003C0C88 /* Debug */,
				9F3B58C41A5A049C003C0C88 /* Release */,
			);
			defaultConfigurationIsVisible = 0;
		};
		9F3B58C51A5A049C003C0C88 /* Build configuration list for PBXNativeTarget "TaskMeTests" */ = {
			isa = XCConfigurationList;
			buildConfigurations = (
				9F3B58C61A5A049C003C0C88 /* Debug */,
				9F3B58C71A5A049C003C0C88 /* Release */,
			);
			defaultConfigurationIsVisible = 0;
		};
/* End XCConfigurationList section */
	};
	rootObject = 9F3B58991A5A049C003C0C88 /* Project object */;
}
